
Microsoft Visual Studio Solution File, Format Version 12.00
# Visual Studio Version 16
VisualStudioVersion = 16.0.30804.86
MinimumVisualStudioVersion = 10.0.40219.1
Project("{FAE04EC0-301F-11D3-BF4B-00C04F79EFBC}") = "ServerConfigForm-P5-125", "ServerConfigForm-P5-125.csproj", "{D27E915A-310D-41C8-8AC8-5658F0755249}"
EndProject
Global
	GlobalSection(SolutionConfigurationPlatforms) = preSolution
		Debug|Any CPU = Debug|Any CPU
		Release|Any CPU = Release|Any CPU
	EndGlobalSection
	GlobalSection(ProjectConfigurationPlatforms) = postSolution
		{D27E915A-310D-41C8-8AC8-5658F0755249}.Debug|Any CPU.ActiveCfg = Debug|Any CPU
		{D27E915A-310D-41C8-8AC8-5658F0755249}.Debug|Any CPU.Build.0 = Debug|Any CPU
		{D27E915A-310D-41C8-8AC8-5658F0755249}.Release|Any CPU.ActiveCfg = Release|Any CPU
		{D27E915A-310D-41C8-8AC8-5658F0755249}.Release|Any CPU.Build.0 = Release|Any CPU
	EndGlobalSection
	GlobalSection(SolutionProperties) = preSolution
		HideSolutionNode = FALSE
	EndGlobalSection
	GlobalSection(ExtensibilityGlobals) = postSolution
		SolutionGuid = {DE9FEBC9-4908-4DF7-ACC9-832B3AD9C6D2}
	EndGlobalSection
EndGlobal
